
Microsoft Visual Studio Solution File, Format Version 12.00
# Visual Studio 15
VisualStudioVersion = 15.0.26403.7
MinimumVisualStudioVersion = 10.0.40219.1
Project("{FAE04EC0-301F-11D3-BF4B-00C04F79EFBC}") = "Alktom.Intel.ParallelDev.ConsoleClient", "Alktom.Intel.ParallelDev.ConsoleClient\Alktom.Intel.ParallelDev.ConsoleClient.csproj", "{56322CC9-31FD-41F7-B157-CE2120FE9C9E}"
EndProject
Project("{FAE04EC0-301F-11D3-BF4B-00C04F79EFBC}") = "Alktom.Intel.ParallelDev.TaskConsoleClient", "Alktom.Intel.ParallelDev.TaskConsoleClient\Alktom.Intel.ParallelDev.TaskConsoleClient.csproj", "{93213861-1BDF-4619-A0CA-F88A42C71098}"
EndProject
Project("{FAE04EC0-301F-11D3-BF4B-00C04F79EFBC}") = "Alktom.Intel.ParallelDev.WPFClient", "Alktom.Intel.ParallelDev.WPFClient\Alktom.Intel.ParallelDev.WPFClient.csproj", "{F6D04700-4A73-4B14-B8B7-DA5E89D02E17}"
EndProject
Project("{FAE04EC0-301F-11D3-BF4B-00C04F79EFBC}") = "Altkom.Intel.ParallelDev.ReactiveClient", "Altkom.Intel.ParallelDev.ReactiveClient\Altkom.Intel.ParallelDev.ReactiveClient.csproj", "{4623140B-272A-4101-ABC9-41C3433EBC2A}"
EndProject
Global
	GlobalSection(SolutionConfigurationPlatforms) = preSolution
		Debug|Any CPU = Debug|Any CPU
		Release|Any CPU = Release|Any CPU
	EndGlobalSection
	GlobalSection(ProjectConfigurationPlatforms) = postSolution
		{56322CC9-31FD-41F7-B157-CE2120FE9C9E}.Debug|Any CPU.ActiveCfg = Debug|Any CPU
		{56322CC9-31FD-41F7-B157-CE2120FE9C9E}.Debug|Any CPU.Build.0 = Debug|Any CPU
		{56322CC9-31FD-41F7-B157-CE2120FE9C9E}.Release|Any CPU.ActiveCfg = Release|Any CPU
		{56322CC9-31FD-41F7-B157-CE2120FE9C9E}.Release|Any CPU.Build.0 = Release|Any CPU
		{93213861-1BDF-4619-A0CA-F88A42C71098}.Debug|Any CPU.ActiveCfg = Debug|Any CPU
		{93213861-1BDF-4619-A0CA-F88A42C71098}.Debug|Any CPU.Build.0 = Debug|Any CPU
		{93213861-1BDF-4619-A0CA-F88A42C71098}.Release|Any CPU.ActiveCfg = Release|Any CPU
		{93213861-1BDF-4619-A0CA-F88A42C71098}.Release|Any CPU.Build.0 = Release|Any CPU
		{F6D04700-4A73-4B14-B8B7-DA5E89D02E17}.Debug|Any CPU.ActiveCfg = Debug|Any CPU
		{F6D04700-4A73-4B14-B8B7-DA5E89D02E17}.Debug|Any CPU.Build.0 = Debug|Any CPU
		{F6D04700-4A73-4B14-B8B7-DA5E89D02E17}.Release|Any CPU.ActiveCfg = Release|Any CPU
		{F6D04700-4A73-4B14-B8B7-DA5E89D02E17}.Release|Any CPU.Build.0 = Release|Any CPU
		{4623140B-272A-4101-ABC9-41C3433EBC2A}.Debug|Any CPU.ActiveCfg = Debug|Any CPU
		{4623140B-272A-4101-ABC9-41C3433EBC2A}.Debug|Any CPU.Build.0 = Debug|Any CPU
		{4623140B-272A-4101-ABC9-41C3433EBC2A}.Release|Any CPU.ActiveCfg = Release|Any CPU
		{4623140B-272A-4101-ABC9-41C3433EBC2A}.Release|Any CPU.Build.0 = Release|Any CPU
	EndGlobalSection
	GlobalSection(SolutionProperties) = preSolution
		HideSolutionNode = FALSE
	EndGlobalSection
EndGlobal
